<Solution>
  <Folder Name="/src/">
    <Project Path="src/Laya/Laya.csproj" />
    <Project Path="src/Laya.Cli/Laya.Cli.csproj" />
  </Folder>
  <Folder Name="/benchmarks/">
    <Project Path="benchmarks/Laya.Benchmarks/Laya.Benchmarks.csproj" />
    <Project Path="benchmarks/JevBench/Laya.JevBench.csproj" />
  </Folder>
  <Folder Name="/tests/">
    <Project Path="tests/Laya.Tests/Laya.Tests.csproj" />
  </Folder>
</Solution>
